# This file is automatically @generated by Cargo.
# It is not intended for manual editing.
version = 4

[[package]]
name = "iced-x86"
version = "1.21.0"
source = "registry+https://github.com/rust-lang/crates.io-index"
checksum = "7c447cff8c7f384a7d4f741cfcff32f75f3ad02b406432e8d6c878d56b1edf6b"
dependencies = [
 "lazy_static",
]

[[package]]
name = "lazy_static"
version = "1.5.0"
source = "registry+https://github.com/rust-lang/crates.io-index"
checksum = "bbd2bcb4c963f2ddae06a2efc7e9f3591312473c50c6685e1f298068316e66fe"

[[package]]
name = "libc"
version = "0.2.185"
source = "registry+https://github.com/rust-lang/crates.io-index"
checksum = "52ff2c0fe9bc6cb6b14a0592c2ff4fa9ceb83eea9db979b0487cd054946a2b8f"

[[package]]
name = "sandblaster-cli"
version = "0.1.0"
dependencies = [
 "sandblaster-core",
 "sandblaster-injector",
 "sandblaster-search",
]

[[package]]
name = "sandblaster-core"
version = "0.1.0"

[[package]]
name = "sandblaster-disasm"
version = "0.1.0"
dependencies = [
 "iced-x86",
 "sandblaster-core",
]

[[package]]
name = "sandblaster-injector"
version = "0.1.0"
dependencies = [
 "libc",
 "sandblaster-core",
 "sandblaster-disasm",
 "sandblaster-search",
]

[[package]]
name = "sandblaster-mobile-ffi"
version = "0.1.0"
dependencies = [
 "sandblaster-core",
 "sandblaster-disasm",
 "sandblaster-injector",
 "sandblaster-search",
]

[[package]]
name = "sandblaster-search"
version = "0.1.0"
dependencies = [
 "sandblaster-core",
]

[[package]]
name = "sandblaster-summary"
version = "0.1.0"
dependencies = [
 "sandblaster-core",
]

[[package]]
name = "sandblaster-tui"
version = "0.1.0"
